// !$*UTF8*$!
{
	archiveVersion = 1;
	classes = {
	};
	objectVersion = 48;
	objects = {

/* Begin PBXBuildFile section */
		015689B609DC18571136CF9C /* Pods_FrickImpactAcademyUITests.framework in Frameworks */ = {isa = PBXBuildFile; fileRef = 27F46BAC907E3B52C633BE96 /* Pods_FrickImpactAcademyUITests.framework */; };
		1773AC0157274329B3FB3A33 /* Pods_FrickImpactAcademyTests.framework in Frameworks */ = {isa = PBXBuildFile; fileRef = E87B65F56CE16E3D2475CF63 /* Pods_FrickImpactAcademyTests.framework */; };
		3A8FE18CEC0DDEAFFA8E6FAD /* Pods_FrickImpactAcademy.framework in Frameworks */ = {isa = PBXBuildFile; fileRef = 4E64E8536692C3054044A5D9 /* Pods_FrickImpactAcademy.framework */; };
		822C1ADC1F9581CE00FC38D1 /* AppDelegate.swift in Sources */ = {isa = PBXBuildFile; fileRef = 822C1ADB1F9581CE00FC38D1 /* AppDelegate.swift */; };
		822C1ADE1F9581CE00FC38D1 /* FirstViewController.swift in Sources */ = {isa = PBXBuildFile; fileRef = 822C1ADD1F9581CE00FC38D1 /* FirstViewController.swift */; };
		822C1AE01F9581CE00FC38D1 /* SecondViewController.swift in Sources */ = {isa = PBXBuildFile; fileRef = 822C1ADF1F9581CE00FC38D1 /* SecondViewController.swift */; };
		822C1AE31F9581CE00FC38D1 /* Main.storyboard in Resources */ = {isa = PBXBuildFile; fileRef = 822C1AE11F9581CE00FC38D1 /* Main.storyboard */; };
		822C1AE51F9581CE00FC38D1 /* Assets.xcassets in Resources */ = {isa = PBXBuildFile; fileRef = 822C1AE41F9581CE00FC38D1 /* Assets.xcassets */; };
		822C1AE81F9581CE00FC38D1 /* LaunchScreen.storyboard in Resources */ = {isa = PBXBuildFile; fileRef = 822C1AE61F9581CE00FC38D1 /* LaunchScreen.storyboard */; };
		822C1AF31F9581CE00FC38D1 /* FrickImpactAcademyTests.swift in Sources */ = {isa = PBXBuildFile; fileRef = 822C1AF21F9581CE00FC38D1 /* FrickImpactAcademyTests.swift */; };
		822C1AFE1F9581CF00FC38D1 /* FrickImpactAcademyUITests.swift in Sources */ = {isa = PBXBuildFile; fileRef = 822C1AFD1F9581CF00FC38D1 /* FrickImpactAcademyUITests.swift */; };
		8242E4881FD616EA00107B88 /* calendarViewController.swift in Sources */ = {isa = PBXBuildFile; fileRef = 8242E4871FD616EA00107B88 /* calendarViewController.swift */; };
		8242E48C1FD61B6000107B88 /* parnentViewController.swift in Sources */ = {isa = PBXBuildFile; fileRef = 8242E48B1FD61B6000107B88 /* parnentViewController.swift */; };
		82515A8D1FBA6E9300F7380D /* WebKit.framework in Frameworks */ = {isa = PBXBuildFile; fileRef = 82515A8C1FBA6E8700F7380D /* WebKit.framework */; };
		8291E0671FD222BF009CA9A9 /* AnytonyCode.swift in Sources */ = {isa = PBXBuildFile; fileRef = 8291E0661FD222BF009CA9A9 /* AnytonyCode.swift */; };
		8291E0691FD23176009CA9A9 /* calendarView.swift in Sources */ = {isa = PBXBuildFile; fileRef = 8291E0681FD23176009CA9A9 /* calendarView.swift */; };
/* End PBXBuildFile section */

/* Begin PBXContainerItemProxy section */
		822C1AEF1F9581CE00FC38D1 /* PBXContainerItemProxy */ = {
			isa = PBXContainerItemProxy;
			containerPortal = 822C1AD01F9581CE00FC38D1 /* Project object */;
			proxyType = 1;
			remoteGlobalIDString = 822C1AD71F9581CE00FC38D1;
			remoteInfo = FrickImpactAcademy;
		};
		822C1AFA1F9581CF00FC38D1 /* PBXContainerItemProxy */ = {
			isa = PBXContainerItemProxy;
			containerPortal = 822C1AD01F9581CE00FC38D1 /* Project object */;
			proxyType = 1;
			remoteGlobalIDString = 822C1AD71F9581CE00FC38D1;
			remoteInfo = FrickImpactAcademy;
		};
/* End PBXContainerItemProxy section */

/* Begin PBXFileReference section */
		27F46BAC907E3B52C633BE96 /* Pods_FrickImpactAcademyUITests.framework */ = {isa = PBXFileReference; explicitFileType = wrapper.framework; includeInIndex = 0; path = Pods_FrickImpactAcademyUITests.framework; sourceTree = BUILT_PRODUCTS_DIR; };
		4E64E8536692C3054044A5D9 /* Pods_FrickImpactAcademy.framework */ = {isa = PBXFileReference; explicitFileType = wrapper.framework; includeInIndex = 0; path = Pods_FrickImpactAcademy.framework; sourceTree = BUILT_PRODUCTS_DIR; };
		5BD6AA50A33726299D87B60B /* Pods-FrickImpactAcademyUITests.debug.xcconfig */ = {isa = PBXFileReference; includeInIndex = 1; lastKnownFileType = text.xcconfig; name = "Pods-FrickImpactAcademyUITests.debug.xcconfig"; path = "Pods/Target Support Files/Pods-FrickImpactAcademyUITests/Pods-FrickImpactAcademyUITests.debug.xcconfig"; sourceTree = "<group>"; };
		822C1AD81F9581CE00FC38D1 /* FrickImpactAcademy.app */ = {isa = PBXFileReference; explicitFileType = wrapper.application; includeInIndex = 0; path = FrickImpactAcademy.app; sourceTree = BUILT_PRODUCTS_DIR; };
		822C1ADB1F9581CE00FC38D1 /* AppDelegate.swift */ = {isa = PBXFileReference; lastKnownFileType = sourcecode.swift; path = AppDelegate.swift; sourceTree = "<group>"; };
		822C1ADD1F9581CE00FC38D1 /* FirstViewController.swift */ = {isa = PBXFileReference; lastKnownFileType = sourcecode.swift; path = FirstViewController.swift; sourceTree = "<group>"; };
		822C1ADF1F9581CE00FC38D1 /* SecondViewController.swift */ = {isa = PBXFileReference; lastKnownFileType = sourcecode.swift; path = SecondViewController.swift; sourceTree = "<group>"; };
		822C1AE21F9581CE00FC38D1 /* Base */ = {isa = PBXFileReference; lastKnownFileType = file.storyboard; name = Base; path = Base.lproj/Main.storyboard; sourceTree = "<group>"; };
		822C1AE41F9581CE00FC38D1 /* Assets.xcassets */ = {isa = PBXFileReference; lastKnownFileType = folder.assetcatalog; path = Assets.xcassets; sourceTree = "<group>"; };
		822C1AE71F9581CE00FC38D1 /* Base */ = {isa = PBXFileReference; lastKnownFileType = file.storyboard; name = Base; path = Base.lproj/LaunchScreen.storyboard; sourceTree = "<group>"; };
		822C1AE91F9581CE00FC38D1 /* Info.plist */ = {isa = PBXFileReference; lastKnownFileType = text.plist.xml; path = Info.plist; sourceTree = "<group>"; };
		822C1AEE1F9581CE00FC38D1 /* FrickImpactAcademyTests.xctest */ = {isa = PBXFileReference; explicitFileType = wrapper.cfbundle; includeInIndex = 0; path = FrickImpactAcademyTests.xctest; sourceTree = BUILT_PRODUCTS_DIR; };
		822C1AF21F9581CE00FC38D1 /* FrickImpactAcademyTests.swift */ = {isa = PBXFileReference; lastKnownFileType = sourcecode.swift; path = FrickImpactAcademyTests.swift; sourceTree = "<group>"; };
		822C1AF41F9581CE00FC38D1 /* Info.plist */ = {isa = PBXFileReference; lastKnownFileType = text.plist.xml; path = Info.plist; sourceTree = "<group>"; };
		822C1AF91F9581CF00FC38D1 /* FrickImpactAcademyUITests.xctest */ = {isa = PBXFileReference; explicitFileType = wrapper.cfbundle; includeInIndex = 0; path = FrickImpactAcademyUITests.xctest; sourceTree = BUILT_PRODUCTS_DIR; };
		822C1AFD1F9581CF00FC38D1 /* FrickImpactAcademyUITests.swift */ = {isa = PBXFileReference; lastKnownFileType = sourcecode.swift; path = FrickImpactAcademyUITests.swift; sourceTree = "<group>"; };
		822C1AFF1F9581CF00FC38D1 /* Info.plist */ = {isa = PBXFileReference; lastKnownFileType = text.plist.xml; path = Info.plist; sourceTree = "<group>"; };
		8242E4871FD616EA00107B88 /* calendarViewController.swift */ = {isa = PBXFileReference; lastKnownFileType = sourcecode.swift; path = calendarViewController.swift; sourceTree = "<group>"; };
		8242E48B1FD61B6000107B88 /* parnentViewController.swift */ = {isa = PBXFileReference; lastKnownFileType = sourcecode.swift; path = parnentViewController.swift; sourceTree = "<group>"; };
		82515A8C1FBA6E8700F7380D /* WebKit.framework */ = {isa = PBXFileReference; lastKnownFileType = wrapper.framework; name = WebKit.framework; path = System/Library/Frameworks/WebKit.framework; sourceTree = SDKROOT; };
		82515A8E1FBA6E9B00F7380D /* UIKit.framework */ = {isa = PBXFileReference; lastKnownFileType = wrapper.framework; name = UIKit.framework; path = System/Library/Frameworks/UIKit.framework; sourceTree = SDKROOT; };
		8291E0661FD222BF009CA9A9 /* AnytonyCode.swift */ = {isa = PBXFileReference; lastKnownFileType = sourcecode.swift; path = AnytonyCode.swift; sourceTree = "<group>"; };
		8291E0681FD23176009CA9A9 /* calendarView.swift */ = {isa = PBXFileReference; lastKnownFileType = sourcecode.swift; path = calendarView.swift; sourceTree = "<group>"; };
		A5CC2634BE92542762E368E9 /* Pods-FrickImpactAcademyTests.debug.xcconfig */ = {isa = PBXFileReference; includeInIndex = 1; lastKnownFileType = text.xcconfig; name = "Pods-FrickImpactAcademyTests.debug.xcconfig"; path = "Pods/Target Support Files/Pods-FrickImpactAcademyTests/Pods-FrickImpactAcademyTests.debug.xcconfig"; sourceTree = "<group>"; };
		BB0098A80AAA4995FEA29CDC /* Pods-FrickImpactAcademy.release.xcconfig */ = {isa = PBXFileReference; includeInIndex = 1; lastKnownFileType = text.xcconfig; name = "Pods-FrickImpactAcademy.release.xcconfig"; path = "Pods/Target Support Files/Pods-FrickImpactAcademy/Pods-FrickImpactAcademy.release.xcconfig"; sourceTree = "<group>"; };
		CD4C1EB96CDEC10293FC63FE /* Pods-FrickImpactAcademyTests.release.xcconfig */ = {isa = PBXFileReference; includeInIndex = 1; lastKnownFileType = text.xcconfig; name = "Pods-FrickImpactAcademyTests.release.xcconfig"; path = "Pods/Target Support Files/Pods-FrickImpactAcademyTests/Pods-FrickImpactAcademyTests.release.xcconfig"; sourceTree = "<group>"; };
		DED98258B69965333D13581E /* Pods-FrickImpactAcademyUITests.release.xcconfig */ = {isa = PBXFileReference; includeInIndex = 1; lastKnownFileType = text.xcconfig; name = "Pods-FrickImpactAcademyUITests.release.xcconfig"; path = "Pods/Target Support Files/Pods-FrickImpactAcademyUITests/Pods-FrickImpactAcademyUITests.release.xcconfig"; sourceTree = "<group>"; };
		E87B65F56CE16E3D2475CF63 /* Pods_FrickImpactAcademyTests.framework */ = {isa = PBXFileReference; explicitFileType = wrapper.framework; includeInIndex = 0; path = Pods_FrickImpactAcademyTests.framework; sourceTree = BUILT_PRODUCTS_DIR; };
		EB537F8F33C8CD81487234B4 /* Pods-FrickImpactAcademy.debug.xcconfig */ = {isa = PBXFileReference; includeInIndex = 1; lastKnownFileType = text.xcconfig; name = "Pods-FrickImpactAcademy.debug.xcconfig"; path = "Pods/Target Support Files/Pods-FrickImpactAcademy/Pods-FrickImpactAcademy.debug.xcconfig"; sourceTree = "<group>"; };
/* End PBXFileReference section */

/* Begin PBXFrameworksBuildPhase section */
		822C1AD51F9581CE00FC38D1 /* Frameworks */ = {
			isa = PBXFrameworksBuildPhase;
			buildActionMask = 2147483647;
			files = (
				82515A8D1FBA6E9300F7380D /* WebKit.framework in Frameworks */,
				3A8FE18CEC0DDEAFFA8E6FAD /* Pods_FrickImpactAcademy.framework in Frameworks */,
			);
			runOnlyForDeploymentPostprocessing = 0;
		};
		822C1AEB1F9581CE00FC38D1 /* Frameworks */ = {
			isa = PBXFrameworksBuildPhase;
			buildActionMask = 2147483647;
			files = (
				1773AC0157274329B3FB3A33 /* Pods_FrickImpactAcademyTests.framework in Frameworks */,
			);
			runOnlyForDeploymentPostprocessing = 0;
		};
		822C1AF61F9581CF00FC38D1 /* Frameworks */ = {
			isa = PBXFrameworksBuildPhase;
			buildActionMask = 2147483647;
			files = (
				015689B609DC18571136CF9C /* Pods_FrickImpactAcademyUITests.framework in Frameworks */,
			);
			runOnlyForDeploymentPostprocessing = 0;
		};
/* End PBXFrameworksBuildPhase section */

/* Begin PBXGroup section */
		822C1ACF1F9581CE00FC38D1 = {
			isa = PBXGroup;
			children = (
				822C1ADA1F9581CE00FC38D1 /* FrickImpactAcademy */,
				822C1AF11F9581CE00FC38D1 /* FrickImpactAcademyTests */,
				822C1AFC1F9581CF00FC38D1 /* FrickImpactAcademyUITests */,
				822C1AD91F9581CE00FC38D1 /* Products */,
				82515A8B1FBA6E8600F7380D /* Frameworks */,
				858746B284CB75D404C9A721 /* Pods */,
			);
			sourceTree = "<group>";
		};
		822C1AD91F9581CE00FC38D1 /* Products */ = {
			isa = PBXGroup;
			children = (
				822C1AD81F9581CE00FC38D1 /* FrickImpactAcademy.app */,
				822C1AEE1F9581CE00FC38D1 /* FrickImpactAcademyTests.xctest */,
				822C1AF91F9581CF00FC38D1 /* FrickImpactAcademyUITests.xctest */,
			);
			name = Products;
			sourceTree = "<group>";
		};
		822C1ADA1F9581CE00FC38D1 /* FrickImpactAcademy */ = {
			isa = PBXGroup;
			children = (
				822C1ADB1F9581CE00FC38D1 /* AppDelegate.swift */,
				822C1ADD1F9581CE00FC38D1 /* FirstViewController.swift */,
				822C1ADF1F9581CE00FC38D1 /* SecondViewController.swift */,
				8291E0661FD222BF009CA9A9 /* AnytonyCode.swift */,
				822C1AE11F9581CE00FC38D1 /* Main.storyboard */,
				8242E4871FD616EA00107B88 /* calendarViewController.swift */,
				8291E0681FD23176009CA9A9 /* calendarView.swift */,
				8242E48B1FD61B6000107B88 /* parnentViewController.swift */,
				822C1AE41F9581CE00FC38D1 /* Assets.xcassets */,
				822C1AE61F9581CE00FC38D1 /* LaunchScreen.storyboard */,
				822C1AE91F9581CE00FC38D1 /* Info.plist */,
			);
			path = FrickImpactAcademy;
			sourceTree = "<group>";
		};
		822C1AF11F9581CE00FC38D1 /* FrickImpactAcademyTests */ = {
			isa = PBXGroup;
			children = (
				822C1AF21F9581CE00FC38D1 /* FrickImpactAcademyTests.swift */,
				822C1AF41F9581CE00FC38D1 /* Info.plist */,
			);
			path = FrickImpactAcademyTests;
			sourceTree = "<group>";
		};
		822C1AFC1F9581CF00FC38D1 /* FrickImpactAcademyUITests */ = {
			isa = PBXGroup;
			children = (
				822C1AFD1F9581CF00FC38D1 /* FrickImpactAcademyUITests.swift */,
				822C1AFF1F9581CF00FC38D1 /* Info.plist */,
			);
			path = FrickImpactAcademyUITests;
			sourceTree = "<group>";
		};
		82515A8B1FBA6E8600F7380D /* Frameworks */ = {
			isa = PBXGroup;
			children = (
				82515A8E1FBA6E9B00F7380D /* UIKit.framework */,
				82515A8C1FBA6E8700F7380D /* WebKit.framework */,
				4E64E8536692C3054044A5D9 /* Pods_FrickImpactAcademy.framework */,
				E87B65F56CE16E3D2475CF63 /* Pods_FrickImpactAcademyTests.framework */,
				27F46BAC907E3B52C633BE96 /* Pods_FrickImpactAcademyUITests.framework */,
			);
			name = Frameworks;
			sourceTree = "<group>";
		};
		858746B284CB75D404C9A721 /* Pods */ = {
			isa = PBXGroup;
			children = (
				EB537F8F33C8CD81487234B4 /* Pods-FrickImpactAcademy.debug.xcconfig */,
				BB0098A80AAA4995FEA29CDC /* Pods-FrickImpactAcademy.release.xcconfig */,
				A5CC2634BE92542762E368E9 /* Pods-FrickImpactAcademyTests.debug.xcconfig */,
				CD4C1EB96CDEC10293FC63FE /* Pods-FrickImpactAcademyTests.release.xcconfig */,
				5BD6AA50A33726299D87B60B /* Pods-FrickImpactAcademyUITests.debug.xcconfig */,
				DED98258B69965333D13581E /* Pods-FrickImpactAcademyUITests.release.xcconfig */,
			);
			name = Pods;
			sourceTree = "<group>";
		};
/* End PBXGroup section */

/* Begin PBXNativeTarget section */
		822C1AD71F9581CE00FC38D1 /* FrickImpactAcademy */ = {
			isa = PBXNativeTarget;
			buildConfigurationList = 822C1B021F9581CF00FC38D1 /* Build configuration list for PBXNativeTarget "FrickImpactAcademy" */;
			buildPhases = (
				5954FF28ED061F19673E699F /* [CP] Check Pods Manifest.lock */,
				822C1AD41F9581CE00FC38D1 /* Sources */,
				822C1AD51F9581CE00FC38D1 /* Frameworks */,
				822C1AD61F9581CE00FC38D1 /* Resources */,
				258906E433BD633989FB799D /* [CP] Embed Pods Frameworks */,
				66BBB8EE973EC3854D384975 /* [CP] Copy Pods Resources */,
			);
			buildRules = (
			);
			dependencies = (
			);
			name = FrickImpactAcademy;
			productName = FrickImpactAcademy;
			productReference = 822C1AD81F9581CE00FC38D1 /* FrickImpactAcademy.app */;
			productType = "com.apple.product-type.application";
		};
		822C1AED1F9581CE00FC38D1 /* FrickImpactAcademyTests */ = {
			isa = PBXNativeTarget;
			buildConfigurationList = 822C1B051F9581CF00FC38D1 /* Build configuration list for PBXNativeTarget "FrickImpactAcademyTests" */;
			buildPhases = (
				6EE139C15A684BEC868902ED /* [CP] Check Pods Manifest.lock */,
				822C1AEA1F9581CE00FC38D1 /* Sources */,
				822C1AEB1F9581CE00FC38D1 /* Frameworks */,
				822C1AEC1F9581CE00FC38D1 /* Resources */,
				D1D2361F0435A0F28688C08D /* [CP] Embed Pods Frameworks */,
				88154D4EB6C654517C1FA0B3 /* [CP] Copy Pods Resources */,
			);
			buildRules = (
			);
			dependencies = (
				822C1AF01F9581CE00FC38D1 /* PBXTargetDependency */,
			);
			name = FrickImpactAcademyTests;
			productName = FrickImpactAcademyTests;
			productReference = 822C1AEE1F9581CE00FC38D1 /* FrickImpactAcademyTests.xctest */;
			productType = "com.apple.product-type.bundle.unit-test";
		};
		822C1AF81F9581CF00FC38D1 /* FrickImpactAcademyUITests */ = {
			isa = PBXNativeTarget;
			buildConfigurationList = 822C1B081F9581CF00FC38D1 /* Build configuration list for PBXNativeTarget "FrickImpactAcademyUITests" */;
			buildPhases = (
				F7E71D356E84F970EFB9EA5A /* [CP] Check Pods Manifest.lock */,
				822C1AF51F9581CF00FC38D1 /* Sources */,
				822C1AF61F9581CF00FC38D1 /* Frameworks */,
				822C1AF71F9581CF00FC38D1 /* Resources */,
				374363600E414B87E3A25C4D /* [CP] Embed Pods Frameworks */,
				6EBCBD051EFB21F6A2C84289 /* [CP] Copy Pods Resources */,
			);
			buildRules = (
			);
			dependencies = (
				822C1AFB1F9581CF00FC38D1 /* PBXTargetDependency */,
			);
			name = FrickImpactAcademyUITests;
			productName = FrickImpactAcademyUITests;
			productReference = 822C1AF91F9581CF00FC38D1 /* FrickImpactAcademyUITests.xctest */;
			productType = "com.apple.product-type.bundle.ui-testing";
		};
/* End PBXNativeTarget section */

/* Begin PBXProject section */
		822C1AD01F9581CE00FC38D1 /* Project object */ = {
			isa = PBXProject;
			attributes = {
				LastSwiftUpdateCheck = 0900;
				LastUpgradeCheck = 0900;
				ORGANIZATIONNAME = samShowalter;
				TargetAttributes = {
					822C1AD71F9581CE00FC38D1 = {
						CreatedOnToolsVersion = 9.0;
						ProvisioningStyle = Automatic;
					};
					822C1AED1F9581CE00FC38D1 = {
						CreatedOnToolsVersion = 9.0;
						ProvisioningStyle = Automatic;
						TestTargetID = 822C1AD71F9581CE00FC38D1;
					};
					822C1AF81F9581CF00FC38D1 = {
						CreatedOnToolsVersion = 9.0;
						ProvisioningStyle = Automatic;
						TestTargetID = 822C1AD71F9581CE00FC38D1;
					};
				};
			};
			buildConfigurationList = 822C1AD31F9581CE00FC38D1 /* Build configuration list for PBXProject "FrickImpactAcademy" */;
			compatibilityVersion = "Xcode 8.0";
			developmentRegion = en;
			hasScannedForEncodings = 0;
			knownRegions = (
				en,
				Base,
			);
			mainGroup = 822C1ACF1F9581CE00FC38D1;
			productRefGroup = 822C1AD91F9581CE00FC38D1 /* Products */;
			projectDirPath = "";
			projectRoot = "";
			targets = (
				822C1AD71F9581CE00FC38D1 /* FrickImpactAcademy */,
				822C1AED1F9581CE00FC38D1 /* FrickImpactAcademyTests */,
				822C1AF81F9581CF00FC38D1 /* FrickImpactAcademyUITests */,
			);
		};
/* End PBXProject section */

/* Begin PBXResourcesBuildPhase section */
		822C1AD61F9581CE00FC38D1 /* Resources */ = {
			isa = PBXResourcesBuildPhase;
			buildActionMask = 2147483647;
			files = (
				822C1AE81F9581CE00FC38D1 /* LaunchScreen.storyboard in Resources */,
				822C1AE51F9581CE00FC38D1 /* Assets.xcassets in Resources */,
				822C1AE31F9581CE00FC38D1 /* Main.storyboard in Resources */,
			);
			runOnlyForDeploymentPostprocessing = 0;
		};
		822C1AEC1F9581CE00FC38D1 /* Resources */ = {
			isa = PBXResourcesBuildPhase;
			buildActionMask = 2147483647;
			files = (
			);
			runOnlyForDeploymentPostprocessing = 0;
		};
		822C1AF71F9581CF00FC38D1 /* Resources */ = {
			isa = PBXResourcesBuildPhase;
			buildActionMask = 2147483647;
			files = (
			);
			runOnlyForDeploymentPostprocessing = 0;
		};
/* End PBXResourcesBuildPhase section */

/* Begin PBXShellScriptBuildPhase section */
		258906E433BD633989FB799D /* [CP] Embed Pods Frameworks */ = {
			isa = PBXShellScriptBuildPhase;
			buildActionMask = 2147483647;
			files = (
			);
			inputPaths = (
				"${SRCROOT}/Pods/Target Support Files/Pods-FrickImpactAcademy/Pods-FrickImpactAcademy-frameworks.sh",
				"${BUILT_PRODUCTS_DIR}/GoogleToolboxForMac/GoogleToolboxForMac.framework",
				"${BUILT_PRODUCTS_DIR}/Mixpanel/Mixpanel.framework",
				"${BUILT_PRODUCTS_DIR}/nanopb/nanopb.framework",
			);
			name = "[CP] Embed Pods Frameworks";
			outputPaths = (
				"${TARGET_BUILD_DIR}/${FRAMEWORKS_FOLDER_PATH}/GoogleToolboxForMac.framework",
				"${TARGET_BUILD_DIR}/${FRAMEWORKS_FOLDER_PATH}/Mixpanel.framework",
				"${TARGET_BUILD_DIR}/${FRAMEWORKS_FOLDER_PATH}/nanopb.framework",
			);
			runOnlyForDeploymentPostprocessing = 0;
			shellPath = /bin/sh;
			shellScript = "\"${SRCROOT}/Pods/Target Support Files/Pods-FrickImpactAcademy/Pods-FrickImpactAcademy-frameworks.sh\"\n";
			showEnvVarsInLog = 0;
		};
		374363600E414B87E3A25C4D /* [CP] Embed Pods Frameworks */ = {
			isa = PBXShellScriptBuildPhase;
			buildActionMask = 2147483647;
			files = (
			);
			inputPaths = (
			);
			name = "[CP] Embed Pods Frameworks";
			outputPaths = (
			);
			runOnlyForDeploymentPostprocessing = 0;
			shellPath = /bin/sh;
			shellScript = "\"${SRCROOT}/Pods/Target Support Files/Pods-FrickImpactAcademyUITests/Pods-FrickImpactAcademyUITests-frameworks.sh\"\n";
			showEnvVarsInLog = 0;
		};
		5954FF28ED061F19673E699F /* [CP] Check Pods Manifest.lock */ = {
			isa = PBXShellScriptBuildPhase;
			buildActionMask = 2147483647;
			files = (
			);
			inputPaths = (
				"${PODS_PODFILE_DIR_PATH}/Podfile.lock",
				"${PODS_ROOT}/Manifest.lock",
			);
			name = "[CP] Check Pods Manifest.lock";
			outputPaths = (
				"$(DERIVED_FILE_DIR)/Pods-FrickImpactAcademy-checkManifestLockResult.txt",
			);
			runOnlyForDeploymentPostprocessing = 0;
			shellPath = /bin/sh;
			shellScript = "diff \"${PODS_PODFILE_DIR_PATH}/Podfile.lock\" \"${PODS_ROOT}/Manifest.lock\" > /dev/null\nif [ $? != 0 ] ; then\n    # print error to STDERR\n    echo \"error: The sandbox is not in sync with the Podfile.lock. Run 'pod install' or update your CocoaPods installation.\" >&2\n    exit 1\nfi\n# This output is used by Xcode 'outputs' to avoid re-running this script phase.\necho \"SUCCESS\" > \"${SCRIPT_OUTPUT_FILE_0}\"\n";
			showEnvVarsInLog = 0;
		};
		66BBB8EE973EC3854D384975 /* [CP] Copy Pods Resources */ = {
			isa = PBXShellScriptBuildPhase;
			buildActionMask = 2147483647;
			files = (
			);
			inputPaths = (
			);
			name = "[CP] Copy Pods Resources";
			outputPaths = (
			);
			runOnlyForDeploymentPostprocessing = 0;
			shellPath = /bin/sh;
			shellScript = "\"${SRCROOT}/Pods/Target Support Files/Pods-FrickImpactAcademy/Pods-FrickImpactAcademy-resources.sh\"\n";
			showEnvVarsInLog = 0;
		};
		6EBCBD051EFB21F6A2C84289 /* [CP] Copy Pods Resources */ = {
			isa = PBXShellScriptBuildPhase;
			buildActionMask = 2147483647;
			files = (
			);
			inputPaths = (
			);
			name = "[CP] Copy Pods Resources";
			outputPaths = (
			);
			runOnlyForDeploymentPostprocessing = 0;
			shellPath = /bin/sh;
			shellScript = "\"${SRCROOT}/Pods/Target Support Files/Pods-FrickImpactAcademyUITests/Pods-FrickImpactAcademyUITests-resources.sh\"\n";
			showEnvVarsInLog = 0;
		};
		6EE139C15A684BEC868902ED /* [CP] Check Pods Manifest.lock */ = {
			isa = PBXShellScriptBuildPhase;
			buildActionMask = 2147483647;
			files = (
			);
			inputPaths = (
				"${PODS_PODFILE_DIR_PATH}/Podfile.lock",
				"${PODS_ROOT}/Manifest.lock",
			);
			name = "[CP] Check Pods Manifest.lock";
			outputPaths = (
				"$(DERIVED_FILE_DIR)/Pods-FrickImpactAcademyTests-checkManifestLockResult.txt",
			);
			runOnlyForDeploymentPostprocessing = 0;
			shellPath = /bin/sh;
			shellScript = "diff \"${PODS_PODFILE_DIR_PATH}/Podfile.lock\" \"${PODS_ROOT}/Manifest.lock\" > /dev/null\nif [ $? != 0 ] ; then\n    # print error to STDERR\n    echo \"error: The sandbox is not in sync with the Podfile.lock. Run 'pod install' or update your CocoaPods installation.\" >&2\n    exit 1\nfi\n# This output is used by Xcode 'outputs' to avoid re-running this script phase.\necho \"SUCCESS\" > \"${SCRIPT_OUTPUT_FILE_0}\"\n";
			showEnvVarsInLog = 0;
		};
		88154D4EB6C654517C1FA0B3 /* [CP] Copy Pods Resources */ = {
			isa = PBXShellScriptBuildPhase;
			buildActionMask = 2147483647;
			files = (
			);
			inputPaths = (
			);
			name = "[CP] Copy Pods Resources";
			outputPaths = (
			);
			runOnlyForDeploymentPostprocessing = 0;
			shellPath = /bin/sh;
			shellScript = "\"${SRCROOT}/Pods/Target Support Files/Pods-FrickImpactAcademyTests/Pods-FrickImpactAcademyTests-resources.sh\"\n";
			showEnvVarsInLog = 0;
		};
		D1D2361F0435A0F28688C08D /* [CP] Embed Pods Frameworks */ = {
			isa = PBXShellScriptBuildPhase;
			buildActionMask = 2147483647;
			files = (
			);
			inputPaths = (
			);
			name = "[CP] Embed Pods Frameworks";
			outputPaths = (
			);
			runOnlyForDeploymentPostprocessing = 0;
			shellPath = /bin/sh;
			shellScript = "\"${SRCROOT}/Pods/Target Support Files/Pods-FrickImpactAcademyTests/Pods-FrickImpactAcademyTests-frameworks.sh\"\n";
			showEnvVarsInLog = 0;
		};
		F7E71D356E84F970EFB9EA5A /* [CP] Check Pods Manifest.lock */ = {
			isa = PBXShellScriptBuildPhase;
			buildActionMask = 2147483647;
			files = (
			);
			inputPaths = (
				"${PODS_PODFILE_DIR_PATH}/Podfile.lock",
				"${PODS_ROOT}/Manifest.lock",
			);
			name = "[CP] Check Pods Manifest.lock";
			outputPaths = (
				"$(DERIVED_FILE_DIR)/Pods-FrickImpactAcademyUITests-checkManifestLockResult.txt",
			);
			runOnlyForDeploymentPostprocessing = 0;
			shellPath = /bin/sh;
			shellScript = "diff \"${PODS_PODFILE_DIR_PATH}/Podfile.lock\" \"${PODS_ROOT}/Manifest.lock\" > /dev/null\nif [ $? != 0 ] ; then\n    # print error to STDERR\n    echo \"error: The sandbox is not in sync with the Podfile.lock. Run 'pod install' or update your CocoaPods installation.\" >&2\n    exit 1\nfi\n# This output is used by Xcode 'outputs' to avoid re-running this script phase.\necho \"SUCCESS\" > \"${SCRIPT_OUTPUT_FILE_0}\"\n";
			showEnvVarsInLog = 0;
		};
/* End PBXShellScriptBuildPhase section */

/* Begin PBXSourcesBuildPhase section */
		822C1AD41F9581CE00FC38D1 /* Sources */ = {
			isa = PBXSourcesBuildPhase;
			buildActionMask = 2147483647;
			files = (
				8242E48C1FD61B6000107B88 /* parnentViewController.swift in Sources */,
				822C1AE01F9581CE00FC38D1 /* SecondViewController.swift in Sources */,
				8291E0691FD23176009CA9A9 /* calendarView.swift in Sources */,
				8291E0671FD222BF009CA9A9 /* AnytonyCode.swift in Sources */,
				822C1ADC1F9581CE00FC38D1 /* AppDelegate.swift in Sources */,
				8242E4881FD616EA00107B88 /* calendarViewController.swift in Sources */,
				822C1ADE1F9581CE00FC38D1 /* FirstViewController.swift in Sources */,
			);
			runOnlyForDeploymentPostprocessing = 0;
		};
		822C1AEA1F9581CE00FC38D1 /* Sources */ = {
			isa = PBXSourcesBuildPhase;
			buildActionMask = 2147483647;
			files = (
				822C1AF31F9581CE00FC38D1 /* FrickImpactAcademyTests.swift in Sources */,
			);
			runOnlyForDeploymentPostprocessing = 0;
		};
		822C1AF51F9581CF00FC38D1 /* Sources */ = {
			isa = PBXSourcesBuildPhase;
			buildActionMask = 2147483647;
			files = (
				822C1AFE1F9581CF00FC38D1 /* FrickImpactAcademyUITests.swift in Sources */,
			);
			runOnlyForDeploymentPostprocessing = 0;
		};
/* End PBXSourcesBuildPhase section */

/* Begin PBXTargetDependency section */
		822C1AF01F9581CE00FC38D1 /* PBXTargetDependency */ = {
			isa = PBXTargetDependency;
			target = 822C1AD71F9581CE00FC38D1 /* FrickImpactAcademy */;
			targetProxy = 822C1AEF1F9581CE00FC38D1 /* PBXContainerItemProxy */;
		};
		822C1AFB1F9581CF00FC38D1 /* PBXTargetDependency */ = {
			isa = PBXTargetDependency;
			target = 822C1AD71F9581CE00FC38D1 /* FrickImpactAcademy */;
			targetProxy = 822C1AFA1F9581CF00FC38D1 /* PBXContainerItemProxy */;
		};
/* End PBXTargetDependency section */

/* Begin PBXVariantGroup section */
		822C1AE11F9581CE00FC38D1 /* Main.storyboard */ = {
			isa = PBXVariantGroup;
			children = (
				822C1AE21F9581CE00FC38D1 /* Base */,
			);
			name = Main.storyboard;
			sourceTree = "<group>";
		};
		822C1AE61F9581CE00FC38D1 /* LaunchScreen.storyboard */ = {
			isa = PBXVariantGroup;
			children = (
				822C1AE71F9581CE00FC38D1 /* Base */,
			);
			name = LaunchScreen.storyboard;
			sourceTree = "<group>";
		};
/* End PBXVariantGroup section */

/* Begin XCBuildConfiguration section */
		822C1B001F9581CF00FC38D1 /* Debug */ = {
			isa = XCBuildConfiguration;
			buildSettings = {
				ALWAYS_SEARCH_USER_PATHS = NO;
				CLANG_ANALYZER_NONNULL = YES;
				CLANG_ANALYZER_NUMBER_OBJECT_CONVERSION = YES_AGGRESSIVE;
				CLANG_CXX_LANGUAGE_STANDARD = "gnu++14";
				CLANG_CXX_LIBRARY = "libc++";
				CLANG_ENABLE_MODULES = YES;
				CLANG_ENABLE_OBJC_ARC = YES;
				CLANG_WARN_BLOCK_CAPTURE_AUTORELEASING = YES;
				CLANG_WARN_BOOL_CONVERSION = YES;
				CLANG_WARN_COMMA = YES;
				CLANG_WARN_CONSTANT_CONVERSION = YES;
				CLANG_WARN_DIRECT_OBJC_ISA_USAGE = YES_ERROR;
				CLANG_WARN_DOCUMENTATION_COMMENTS = YES;
				CLANG_WARN_EMPTY_BODY = YES;
				CLANG_WARN_ENUM_CONVERSION = YES;
				CLANG_WARN_INFINITE_RECURSION = YES;
				CLANG_WARN_INT_CONVERSION = YES;
				CLANG_WARN_NON_LITERAL_NULL_CONVERSION = YES;
				CLANG_WARN_OBJC_LITERAL_CONVERSION = YES;
				CLANG_WARN_OBJC_ROOT_CLASS = YES_ERROR;
				CLANG_WARN_RANGE_LOOP_ANALYSIS = YES;
				CLANG_WARN_STRICT_PROTOTYPES = YES;
				CLANG_WARN_SUSPICIOUS_MOVE = YES;
				CLANG_WARN_UNGUARDED_AVAILABILITY = YES_AGGRESSIVE;
				CLANG_WARN_UNREACHABLE_CODE = YES;
				CLANG_WARN__DUPLICATE_METHOD_MATCH = YES;
				CODE_SIGN_IDENTITY = "iPhone Developer";
				COPY_PHASE_STRIP = NO;
				DEBUG_INFORMATION_FORMAT = dwarf;
				ENABLE_STRICT_OBJC_MSGSEND = YES;
				ENABLE_TESTABILITY = YES;
				GCC_C_LANGUAGE_STANDARD = gnu11;
				GCC_DYNAMIC_NO_PIC = NO;
				GCC_NO_COMMON_BLOCKS = YES;
				GCC_OPTIMIZATION_LEVEL = 0;
				GCC_PREPROCESSOR_DEFINITIONS = (
					"DEBUG=1",
					"$(inherited)",
				);
				GCC_WARN_64_TO_32_BIT_CONVERSION = YES;
				GCC_WARN_ABOUT_RETURN_TYPE = YES_ERROR;
				GCC_WARN_UNDECLARED_SELECTOR = YES;
				GCC_WARN_UNINITIALIZED_AUTOS = YES_AGGRESSIVE;
				GCC_WARN_UNUSED_FUNCTION = YES;
				GCC_WARN_UNUSED_VARIABLE = YES;
				IPHONEOS_DEPLOYMENT_TARGET = 11.0;
				MTL_ENABLE_DEBUG_INFO = YES;
				ONLY_ACTIVE_ARCH = YES;
				SDKROOT = iphoneos;
				SWIFT_ACTIVE_COMPILATION_CONDITIONS = DEBUG;
				SWIFT_OPTIMIZATION_LEVEL = "-Onone";
			};
			name = Debug;
		};
		822C1B011F9581CF00FC38D1 /* Release */ = {
			isa = XCBuildConfiguration;
			buildSettings = {
				ALWAYS_SEARCH_USER_PATHS = NO;
				CLANG_ANALYZER_NONNULL = YES;
				CLANG_ANALYZER_NUMBER_OBJECT_CONVERSION = YES_AGGRESSIVE;
				CLANG_CXX_LANGUAGE_STANDARD = "gnu++14";
				CLANG_CXX_LIBRARY = "libc++";
				CLANG_ENABLE_MODULES = YES;
				CLANG_ENABLE_OBJC_ARC = YES;
				CLANG_WARN_BLOCK_CAPTURE_AUTORELEASING = YES;
				CLANG_WARN_BOOL_CONVERSION = YES;
				CLANG_WARN_COMMA = YES;
				CLANG_WARN_CONSTANT_CONVERSION = YES;
				CLANG_WARN_DIRECT_OBJC_ISA_USAGE = YES_ERROR;
				CLANG_WARN_DOCUMENTATION_COMMENTS = YES;
				CLANG_WARN_EMPTY_BODY = YES;
				CLANG_WARN_ENUM_CONVERSION = YES;
				CLANG_WARN_INFINITE_RECURSION = YES;
				CLANG_WARN_INT_CONVERSION = YES;
				CLANG_WARN_NON_LITERAL_NULL_CONVERSION = YES;
				CLANG_WARN_OBJC_LITERAL_CONVERSION = YES;
				CLANG_WARN_OBJC_ROOT_CLASS = YES_ERROR;
				CLANG_WARN_RANGE_LOOP_ANALYSIS = YES;
				CLANG_WARN_STRICT_PROTOTYPES = YES;
				CLANG_WARN_SUSPICIOUS_MOVE = YES;
				CLANG_WARN_UNGUARDED_AVAILABILITY = YES_AGGRESSIVE;
				CLANG_WARN_UNREACHABLE_CODE = YES;
				CLANG_WARN__DUPLICATE_METHOD_MATCH = YES;
				CODE_SIGN_IDENTITY = "iPhone Developer";
				COPY_PHASE_STRIP = NO;
				DEBUG_INFORMATION_FORMAT = "dwarf-with-dsym";
				ENABLE_NS_ASSERTIONS = NO;
				ENABLE_STRICT_OBJC_MSGSEND = YES;
				GCC_C_LANGUAGE_STANDARD = gnu11;
				GCC_NO_COMMON_BLOCKS = YES;
				GCC_WARN_64_TO_32_BIT_CONVERSION = YES;
				GCC_WARN_ABOUT_RETURN_TYPE = YES_ERROR;
				GCC_WARN_UNDECLARED_SELECTOR = YES;
				GCC_WARN_UNINITIALIZED_AUTOS = YES_AGGRESSIVE;
				GCC_WARN_UNUSED_FUNCTION = YES;
				GCC_WARN_UNUSED_VARIABLE = YES;
				IPHONEOS_DEPLOYMENT_TARGET = 11.0;
				MTL_ENABLE_DEBUG_INFO = NO;
				SDKROOT = iphoneos;
				SWIFT_OPTIMIZATION_LEVEL = "-Owholemodule";
				VALIDATE_PRODUCT = YES;
			};
			name = Release;
		};
		822C1B031F9581CF00FC38D1 /* Debug */ = {
			isa = XCBuildConfiguration;
			baseConfigurationReference = EB537F8F33C8CD81487234B4 /* Pods-FrickImpactAcademy.debug.xcconfig */;
			buildSettings = {
				ASSETCATALOG_COMPILER_APPICON_NAME = AppIcon;
				ASSETCATALOG_COMPILER_LAUNCHIMAGE_NAME = LaunchImage;
				"CODE_SIGN_IDENTITY[sdk=iphoneos*]" = "iPhone Developer";
				CODE_SIGN_STYLE = Automatic;
				DEVELOPMENT_TEAM = 25Y72JH26L;
				INFOPLIST_FILE = FrickImpactAcademy/Info.plist;
				IPHONEOS_DEPLOYMENT_TARGET = 9.0;
				LD_RUNPATH_SEARCH_PATHS = "$(inherited) @executable_path/Frameworks";
				PRODUCT_BUNDLE_IDENTIFIER = samShowalter.FrickImpactAcademy;
				PRODUCT_NAME = "$(TARGET_NAME)";
				PROVISIONING_PROFILE_SPECIFIER = "";
				SWIFT_VERSION = 4.0;
				TARGETED_DEVICE_FAMILY = 1;
			};
			name = Debug;
		};
		822C1B041F9581CF00FC38D1 /* Release */ = {
			isa = XCBuildConfiguration;
			baseConfigurationReference = BB0098A80AAA4995FEA29CDC /* Pods-FrickImpactAcademy.release.xcconfig */;
			buildSettings = {
				ASSETCATALOG_COMPILER_APPICON_NAME = AppIcon;
				ASSETCATALOG_COMPILER_LAUNCHIMAGE_NAME = LaunchImage;
				"CODE_SIGN_IDENTITY[sdk=iphoneos*]" = "iPhone Developer";
				CODE_SIGN_STYLE = Automatic;
				DEVELOPMENT_TEAM = 25Y72JH26L;
				INFOPLIST_FILE = FrickImpactAcademy/Info.plist;
				IPHONEOS_DEPLOYMENT_TARGET = 9.0;
				LD_RUNPATH_SEARCH_PATHS = "$(inherited) @executable_path/Frameworks";
				PRODUCT_BUNDLE_IDENTIFIER = samShowalter.FrickImpactAcademy;
				PRODUCT_NAME = "$(TARGET_NAME)";
				PROVISIONING_PROFILE_SPECIFIER = "";
				SWIFT_VERSION = 4.0;
				TARGETED_DEVICE_FAMILY = 1;
			};
			name = Release;
		};
		822C1B061F9581CF00FC38D1 /* Debug */ = {
			isa = XCBuildConfiguration;
			baseConfigurationReference = A5CC2634BE92542762E368E9 /* Pods-FrickImpactAcademyTests.debug.xcconfig */;
			buildSettings = {
				ALWAYS_EMBED_SWIFT_STANDARD_LIBRARIES = YES;
				BUNDLE_LOADER = "$(TEST_HOST)";
				CODE_SIGN_STYLE = Automatic;
				DEVELOPMENT_TEAM = 25Y72JH26L;
				INFOPLIST_FILE = FrickImpactAcademyTests/Info.plist;
				LD_RUNPATH_SEARCH_PATHS = "$(inherited) @executable_path/Frameworks @loader_path/Frameworks";
				PRODUCT_BUNDLE_IDENTIFIER = samShowalter.FrickImpactAcademyTests;
				PRODUCT_NAME = "$(TARGET_NAME)";
				SWIFT_VERSION = 4.0;
				TARGETED_DEVICE_FAMILY = "1,2";
				TEST_HOST = "$(BUILT_PRODUCTS_DIR)/FrickImpactAcademy.app/FrickImpactAcademy";
			};
			name = Debug;
		};
		822C1B071F9581CF00FC38D1 /* Release */ = {
			isa = XCBuildConfiguration;
			baseConfigurationReference = CD4C1EB96CDEC10293FC63FE /* Pods-FrickImpactAcademyTests.release.xcconfig */;
			buildSettings = {
				ALWAYS_EMBED_SWIFT_STANDARD_LIBRARIES = YES;
				BUNDLE_LOADER = "$(TEST_HOST)";
				CODE_SIGN_STYLE = Automatic;
				DEVELOPMENT_TEAM = 25Y72JH26L;
				INFOPLIST_FILE = FrickImpactAcademyTests/Info.plist;
				LD_RUNPATH_SEARCH_PATHS = "$(inherited) @executable_path/Frameworks @loader_path/Frameworks";
				PRODUCT_BUNDLE_IDENTIFIER = samShowalter.FrickImpactAcademyTests;
				PRODUCT_NAME = "$(TARGET_NAME)";
				SWIFT_VERSION = 4.0;
				TARGETED_DEVICE_FAMILY = "1,2";
				TEST_HOST = "$(BUILT_PRODUCTS_DIR)/FrickImpactAcademy.app/FrickImpactAcademy";
			};
			name = Release;
		};
		822C1B091F9581CF00FC38D1 /* Debug */ = {
			isa = XCBuildConfiguration;
			baseConfigurationReference = 5BD6AA50A33726299D87B60B /* Pods-FrickImpactAcademyUITests.debug.xcconfig */;
			buildSettings = {
				ALWAYS_EMBED_SWIFT_STANDARD_LIBRARIES = YES;
				CODE_SIGN_STYLE = Automatic;
				DEVELOPMENT_TEAM = 25Y72JH26L;
				INFOPLIST_FILE = FrickImpactAcademyUITests/Info.plist;
				LD_RUNPATH_SEARCH_PATHS = "$(inherited) @executable_path/Frameworks @loader_path/Frameworks";
				PRODUCT_BUNDLE_IDENTIFIER = samShowalter.FrickImpactAcademyUITests;
				PRODUCT_NAME = "$(TARGET_NAME)";
				SWIFT_VERSION = 4.0;
				TARGETED_DEVICE_FAMILY = "1,2";
				TEST_TARGET_NAME = FrickImpactAcademy;
			};
			name = Debug;
		};
		822C1B0A1F9581CF00FC38D1 /* Release */ = {
			isa = XCBuildConfiguration;
			baseConfigurationReference = DED98258B69965333D13581E /* Pods-FrickImpactAcademyUITests.release.xcconfig */;
			buildSettings = {
				ALWAYS_EMBED_SWIFT_STANDARD_LIBRARIES = YES;
				CODE_SIGN_STYLE = Automatic;
				DEVELOPMENT_TEAM = 25Y72JH26L;
				INFOPLIST_FILE = FrickImpactAcademyUITests/Info.plist;
				LD_RUNPATH_SEARCH_PATHS = "$(inherited) @executable_path/Frameworks @loader_path/Frameworks";
				PRODUCT_BUNDLE_IDENTIFIER = samShowalter.FrickImpactAcademyUITests;
				PRODUCT_NAME = "$(TARGET_NAME)";
				SWIFT_VERSION = 4.0;
				TARGETED_DEVICE_FAMILY = "1,2";
				TEST_TARGET_NAME = FrickImpactAcademy;
			};
			name = Release;
		};
/* End XCBuildConfiguration section */

/* Begin XCConfigurationList section */
		822C1AD31F9581CE00FC38D1 /* Build configuration list for PBXProject "FrickImpactAcademy" */ = {
			isa = XCConfigurationList;
			buildConfigurations = (
				822C1B001F9581CF00FC38D1 /* Debug */,
				822C1B011F9581CF00FC38D1 /* Release */,
			);
			defaultConfigurationIsVisible = 0;
			defaultConfigurationName = Release;
		};
		822C1B021F9581CF00FC38D1 /* Build configuration list for PBXNativeTarget "FrickImpactAcademy" */ = {
			isa = XCConfigurationList;
			buildConfigurations = (
				822C1B031F9581CF00FC38D1 /* Debug */,
				822C1B041F9581CF00FC38D1 /* Release */,
			);
			defaultConfigurationIsVisible = 0;
			defaultConfigurationName = Release;
		};
		822C1B051F9581CF00FC38D1 /* Build configuration list for PBXNativeTarget "FrickImpactAcademyTests" */ = {
			isa = XCConfigurationList;
			buildConfigurations = (
				822C1B061F9581CF00FC38D1 /* Debug */,
				822C1B071F9581CF00FC38D1 /* Release */,
			);
			defaultConfigurationIsVisible = 0;
			defaultConfigurationName = Release;
		};
		822C1B081F9581CF00FC38D1 /* Build configuration list for PBXNativeTarget "FrickImpactAcademyUITests" */ = {
			isa = XCConfigurationList;
			buildConfigurations = (
				822C1B091F9581CF00FC38D1 /* Debug */,
				822C1B0A1F9581CF00FC38D1 /* Release */,
			);
			defaultConfigurationIsVisible = 0;
			defaultConfigurationName = Release;
		};
/* End XCConfigurationList section */
	};
	rootObject = 822C1AD01F9581CE00FC38D1 /* Project object */;
}
