PODS:
  - SwiftInstagram (1.1.1):
    - SwiftInstagram/Core (= 1.1.1)
  - SwiftInstagram/Core (1.1.1)

DEPENDENCIES:
  - SwiftInstagram (~> 1.1.1)

SPEC REPOS:
  https://github.com/cocoapods/specs.git:
    - SwiftInstagram

SPEC CHECKSUMS:
  SwiftInstagram: 5f60415e522d1a7721073eb3a66f254a7c40fd63

PODFILE CHECKSUM: d0fd5039cccaa894c2170da606887432fe8745a8

COCOAPODS: 1.5.3
